// !$*UTF8*$!
{
	archiveVersion = 1;
	classes = {
	};
	objectVersion = 56;
	objects = {

/* Begin PBXBuildFile section */
		D0147A4229AE8CF0009A3AD3 /* squats-pete.mov in Resources */ = {isa = PBXBuildFile; fileRef = D0147A4129AE8CF0009A3AD3 /* squats-pete.mov */; };
		D03E99FA29A6523300AB220A /* demoApp.swift in Sources */ = {isa = PBXBuildFile; fileRef = D03E99F929A6523300AB220A /* demoApp.swift */; };
		D03E99FC29A6523300AB220A /* ContentView.swift in Sources */ = {isa = PBXBuildFile; fileRef = D03E99FB29A6523300AB220A /* ContentView.swift */; };
		D03E99FE29A6523400AB220A /* Assets.xcassets in Resources */ = {isa = PBXBuildFile; fileRef = D03E99FD29A6523400AB220A /* Assets.xcassets */; };
		D0A74BBE29AD005300A90CA0 /* QuickPoseCamera in Frameworks */ = {isa = PBXBuildFile; productRef = D0A74BBD29AD005300A90CA0 /* QuickPoseCamera */; };
		D0A74BC029AD005300A90CA0 /* QuickPoseCore in Frameworks */ = {isa = PBXBuildFile; productRef = D0A74BBF29AD005300A90CA0 /* QuickPoseCore */; };
		D0A74BC229AD005300A90CA0 /* QuickPoseMP in Frameworks */ = {isa = PBXBuildFile; productRef = D0A74BC129AD005300A90CA0 /* QuickPoseMP */; };
		D0A74BC429AD005300A90CA0 /* QuickPoseSwiftUI in Frameworks */ = {isa = PBXBuildFile; productRef = D0A74BC329AD005300A90CA0 /* QuickPoseSwiftUI */; };
		D0FAC5AB29C224040082D34B /* QuickPoseCamera in Frameworks */ = {isa = PBXBuildFile; productRef = D0FAC5AA29C224040082D34B /* QuickPoseCamera */; };
		D0FAC5AD29C224040082D34B /* QuickPoseCore in Frameworks */ = {isa = PBXBuildFile; productRef = D0FAC5AC29C224040082D34B /* QuickPoseCore */; };
		D0FAC5AF29C224040082D34B /* QuickPoseMP in Frameworks */ = {isa = PBXBuildFile; productRef = D0FAC5AE29C224040082D34B /* QuickPoseMP */; };
		D0FAC5B129C224040082D34B /* QuickPoseSwiftUI in Frameworks */ = {isa = PBXBuildFile; productRef = D0FAC5B029C224040082D34B /* QuickPoseSwiftUI */; };
/* End PBXBuildFile section */

/* Begin PBXFileReference section */
		D0147A4129AE8CF0009A3AD3 /* squats-pete.mov */ = {isa = PBXFileReference; lastKnownFileType = video.quicktime; path = "squats-pete.mov"; sourceTree = "<group>"; };
		D03E99F629A6523300AB220A /* SquatCounter.app */ = {isa = PBXFileReference; explicitFileType = wrapper.application; includeInIndex = 0; path = SquatCounter.app; sourceTree = BUILT_PRODUCTS_DIR; };
		D03E99F929A6523300AB220A /* demoApp.swift */ = {isa = PBXFileReference; lastKnownFileType = sourcecode.swift; path = demoApp.swift; sourceTree = "<group>"; };
		D03E99FB29A6523300AB220A /* ContentView.swift */ = {isa = PBXFileReference; lastKnownFileType = sourcecode.swift; path = ContentView.swift; sourceTree = "<group>"; };
		D03E99FD29A6523400AB220A /* Assets.xcassets */ = {isa = PBXFileReference; lastKnownFileType = folder.assetcatalog; path = Assets.xcassets; sourceTree = "<group>"; };
/* End PBXFileReference section */

/* Begin PBXFrameworksBuildPhase section */
		D03E99F329A6523300AB220A /* Frameworks */ = {
			isa = PBXFrameworksBuildPhase;
			buildActionMask = 2147483647;
			files = (
				D0FAC5AF29C224040082D34B /* QuickPoseMP in Frameworks */,
				D0A74BC029AD005300A90CA0 /* QuickPoseCore in Frameworks */,
				D0A74BC229AD005300A90CA0 /* QuickPoseMP in Frameworks */,
				D0FAC5AD29C224040082D34B /* QuickPoseCore in Frameworks */,
				D0A74BBE29AD005300A90CA0 /* QuickPoseCamera in Frameworks */,
				D0FAC5AB29C224040082D34B /* QuickPoseCamera in Frameworks */,
				D0A74BC429AD005300A90CA0 /* QuickPoseSwiftUI in Frameworks */,
				D0FAC5B129C224040082D34B /* QuickPoseSwiftUI in Frameworks */,
			);
			runOnlyForDeploymentPostprocessing = 0;
		};
/* End PBXFrameworksBuildPhase section */

/* Begin PBXGroup section */
		D00BDC1C29A6576A00CD109D /* Frameworks */ = {
			isa = PBXGroup;
			children = (
			);
			name = Frameworks;
			sourceTree = "<group>";
		};
		D03E99ED29A6523300AB220A = {
			isa = PBXGroup;
			children = (
				D03E99F829A6523300AB220A /* SquatCounter */,
				D03E99F729A6523300AB220A /* Products */,
				D00BDC1C29A6576A00CD109D /* Frameworks */,
			);
			sourceTree = "<group>";
		};
		D03E99F729A6523300AB220A /* Products */ = {
			isa = PBXGroup;
			children = (
				D03E99F629A6523300AB220A /* SquatCounter.app */,
			);
			name = Products;
			sourceTree = "<group>";
		};
		D03E99F829A6523300AB220A /* SquatCounter */ = {
			isa = PBXGroup;
			children = (
				D03E99F929A6523300AB220A /* demoApp.swift */,
				D03E99FB29A6523300AB220A /* ContentView.swift */,
				D0147A4129AE8CF0009A3AD3 /* squats-pete.mov */,
				D03E99FD29A6523400AB220A /* Assets.xcassets */,
			);
			path = SquatCounter;
			sourceTree = "<group>";
		};
/* End PBXGroup section */

/* Begin PBXNativeTarget section */
		D03E99F529A6523300AB220A /* SquatCounter */ = {
			isa = PBXNativeTarget;
			buildConfigurationList = D03E9A0429A6523400AB220A /* Build configuration list for PBXNativeTarget "SquatCounter" */;
			buildPhases = (
				D03E99F229A6523300AB220A /* Sources */,
				D03E99F329A6523300AB220A /* Frameworks */,
				D03E99F429A6523300AB220A /* Resources */,
			);
			buildRules = (
			);
			dependencies = (
			);
			name = SquatCounter;
			packageProductDependencies = (
				D0A74BBD29AD005300A90CA0 /* QuickPoseCamera */,
				D0A74BBF29AD005300A90CA0 /* QuickPoseCore */,
				D0A74BC129AD005300A90CA0 /* QuickPoseMP */,
				D0A74BC329AD005300A90CA0 /* QuickPoseSwiftUI */,
				D0FAC5AA29C224040082D34B /* QuickPoseCamera */,
				D0FAC5AC29C224040082D34B /* QuickPoseCore */,
				D0FAC5AE29C224040082D34B /* QuickPoseMP */,
				D0FAC5B029C224040082D34B /* QuickPoseSwiftUI */,
			);
			productName = demo;
			productReference = D03E99F629A6523300AB220A /* SquatCounter.app */;
			productType = "com.apple.product-type.application";
		};
/* End PBXNativeTarget section */

/* Begin PBXProject section */
		D03E99EE29A6523300AB220A /* Project object */ = {
			isa = PBXProject;
			attributes = {
				BuildIndependentTargetsInParallel = 1;
				LastSwiftUpdateCheck = 1420;
				LastUpgradeCheck = 1420;
				TargetAttributes = {
					D03E99F529A6523300AB220A = {
						CreatedOnToolsVersion = 14.2;
					};
				};
			};
			buildConfigurationList = D03E99F129A6523300AB220A /* Build configuration list for PBXProject "SquatCounter" */;
			compatibilityVersion = "Xcode 14.0";
			developmentRegion = en;
			hasScannedForEncodings = 0;
			knownRegions = (
				en,
				Base,
			);
			mainGroup = D03E99ED29A6523300AB220A;
			packageReferences = (
				D0FAC5A929C224040082D34B /* XCRemoteSwiftPackageReference "quickpose-ios-sdk" */,
			);
			productRefGroup = D03E99F729A6523300AB220A /* Products */;
			projectDirPath = "";
			projectRoot = "";
			targets = (
				D03E99F529A6523300AB220A /* SquatCounter */,
			);
		};
/* End PBXProject section */

/* Begin PBXResourcesBuildPhase section */
		D03E99F429A6523300AB220A /* Resources */ = {
			isa = PBXResourcesBuildPhase;
			buildActionMask = 2147483647;
			files = (
				D03E99FE29A6523400AB220A /* Assets.xcassets in Resources */,
				D0147A4229AE8CF0009A3AD3 /* squats-pete.mov in Resources */,
			);
			runOnlyForDeploymentPostprocessing = 0;
		};
/* End PBXResourcesBuildPhase section */

/* Begin PBXSourcesBuildPhase section */
		D03E99F229A6523300AB220A /* Sources */ = {
			isa = PBXSourcesBuildPhase;
			buildActionMask = 2147483647;
			files = (
				D03E99FC29A6523300AB220A /* ContentView.swift in Sources */,
				D03E99FA29A6523300AB220A /* demoApp.swift in Sources */,
			);
			runOnlyForDeploymentPostprocessing = 0;
		};
/* End PBXSourcesBuildPhase section */

/* Begin XCBuildConfiguration section */
		D03E9A0229A6523400AB220A /* Debug */ = {
			isa = XCBuildConfiguration;
			buildSettings = {
				ALWAYS_SEARCH_USER_PATHS = NO;
				CLANG_ANALYZER_NONNULL = YES;
				CLANG_ANALYZER_NUMBER_OBJECT_CONVERSION = YES_AGGRESSIVE;
				CLANG_CXX_LANGUAGE_STANDARD = "gnu++20";
				CLANG_ENABLE_MODULES = YES;
				CLANG_ENABLE_OBJC_ARC = YES;
				CLANG_ENABLE_OBJC_WEAK = YES;
				CLANG_WARN_BLOCK_CAPTURE_AUTORELEASING = YES;
				CLANG_WARN_BOOL_CONVERSION = YES;
				CLANG_WARN_COMMA = YES;
				CLANG_WARN_CONSTANT_CONVERSION = YES;
				CLANG_WARN_DEPRECATED_OBJC_IMPLEMENTATIONS = YES;
				CLANG_WARN_DIRECT_OBJC_ISA_USAGE = YES_ERROR;
				CLANG_WARN_DOCUMENTATION_COMMENTS = YES;
				CLANG_WARN_EMPTY_BODY = YES;
				CLANG_WARN_ENUM_CONVERSION = YES;
				CLANG_WARN_INFINITE_RECURSION = YES;
				CLANG_WARN_INT_CONVERSION = YES;
				CLANG_WARN_NON_LITERAL_NULL_CONVERSION = YES;
				CLANG_WARN_OBJC_IMPLICIT_RETAIN_SELF = YES;
				CLANG_WARN_OBJC_LITERAL_CONVERSION = YES;
				CLANG_WARN_OBJC_ROOT_CLASS = YES_ERROR;
				CLANG_WARN_QUOTED_INCLUDE_IN_FRAMEWORK_HEADER = YES;
				CLANG_WARN_RANGE_LOOP_ANALYSIS = YES;
				CLANG_WARN_STRICT_PROTOTYPES = YES;
				CLANG_WARN_SUSPICIOUS_MOVE = YES;
				CLANG_WARN_UNGUARDED_AVAILABILITY = YES_AGGRESSIVE;
				CLANG_WARN_UNREACHABLE_CODE = YES;
				CLANG_WARN__DUPLICATE_METHOD_MATCH = YES;
				COPY_PHASE_STRIP = NO;
				DEBUG_INFORMATION_FORMAT = dwarf;
				ENABLE_STRICT_OBJC_MSGSEND = YES;
				ENABLE_TESTABILITY = YES;
				GCC_C_LANGUAGE_STANDARD = gnu11;
				GCC_DYNAMIC_NO_PIC = NO;
				GCC_NO_COMMON_BLOCKS = YES;
				GCC_OPTIMIZATION_LEVEL = 0;
				GCC_PREPROCESSOR_DEFINITIONS = (
					"DEBUG=1",
					"$(inherited)",
				);
				GCC_WARN_64_TO_32_BIT_CONVERSION = YES;
				GCC_WARN_ABOUT_RETURN_TYPE = YES_ERROR;
				GCC_WARN_UNDECLARED_SELECTOR = YES;
				GCC_WARN_UNINITIALIZED_AUTOS = YES_AGGRESSIVE;
				GCC_WARN_UNUSED_FUNCTION = YES;
				GCC_WARN_UNUSED_VARIABLE = YES;
				IPHONEOS_DEPLOYMENT_TARGET = 16.2;
				MTL_ENABLE_DEBUG_INFO = INCLUDE_SOURCE;
				MTL_FAST_MATH = YES;
				ONLY_ACTIVE_ARCH = YES;
				SDKROOT = iphoneos;
				SWIFT_ACTIVE_COMPILATION_CONDITIONS = DEBUG;
				SWIFT_OPTIMIZATION_LEVEL = "-Onone";
			};
			name = Debug;
		};
		D03E9A0329A6523400AB220A /* Release */ = {
			isa = XCBuildConfiguration;
			buildSettings = {
				ALWAYS_SEARCH_USER_PATHS = NO;
				CLANG_ANALYZER_NONNULL = YES;
				CLANG_ANALYZER_NUMBER_OBJECT_CONVERSION = YES_AGGRESSIVE;
				CLANG_CXX_LANGUAGE_STANDARD = "gnu++20";
				CLANG_ENABLE_MODULES = YES;
				CLANG_ENABLE_OBJC_ARC = YES;
				CLANG_ENABLE_OBJC_WEAK = YES;
				CLANG_WARN_BLOCK_CAPTURE_AUTORELEASING = YES;
				CLANG_WARN_BOOL_CONVERSION = YES;
				CLANG_WARN_COMMA = YES;
				CLANG_WARN_CONSTANT_CONVERSION = YES;
				CLANG_WARN_DEPRECATED_OBJC_IMPLEMENTATIONS = YES;
				CLANG_WARN_DIRECT_OBJC_ISA_USAGE = YES_ERROR;
				CLANG_WARN_DOCUMENTATION_COMMENTS = YES;
				CLANG_WARN_EMPTY_BODY = YES;
				CLANG_WARN_ENUM_CONVERSION = YES;
				CLANG_WARN_INFINITE_RECURSION = YES;
				CLANG_WARN_INT_CONVERSION = YES;
				CLANG_WARN_NON_LITERAL_NULL_CONVERSION = YES;
				CLANG_WARN_OBJC_IMPLICIT_RETAIN_SELF = YES;
				CLANG_WARN_OBJC_LITERAL_CONVERSION = YES;
				CLANG_WARN_OBJC_ROOT_CLASS = YES_ERROR;
				CLANG_WARN_QUOTED_INCLUDE_IN_FRAMEWORK_HEADER = YES;
				CLANG_WARN_RANGE_LOOP_ANALYSIS = YES;
				CLANG_WARN_STRICT_PROTOTYPES = YES;
				CLANG_WARN_SUSPICIOUS_MOVE = YES;
				CLANG_WARN_UNGUARDED_AVAILABILITY = YES_AGGRESSIVE;
				CLANG_WARN_UNREACHABLE_CODE = YES;
				CLANG_WARN__DUPLICATE_METHOD_MATCH = YES;
				COPY_PHASE_STRIP = NO;
				DEBUG_INFORMATION_FORMAT = "dwarf-with-dsym";
				ENABLE_NS_ASSERTIONS = NO;
				ENABLE_STRICT_OBJC_MSGSEND = YES;
				GCC_C_LANGUAGE_STANDARD = gnu11;
				GCC_NO_COMMON_BLOCKS = YES;
				GCC_WARN_64_TO_32_BIT_CONVERSION = YES;
				GCC_WARN_ABOUT_RETURN_TYPE = YES_ERROR;
				GCC_WARN_UNDECLARED_SELECTOR = YES;
				GCC_WARN_UNINITIALIZED_AUTOS = YES_AGGRESSIVE;
				GCC_WARN_UNUSED_FUNCTION = YES;
				GCC_WARN_UNUSED_VARIABLE = YES;
				IPHONEOS_DEPLOYMENT_TARGET = 16.2;
				MTL_ENABLE_DEBUG_INFO = NO;
				MTL_FAST_MATH = YES;
				SDKROOT = iphoneos;
				SWIFT_COMPILATION_MODE = wholemodule;
				SWIFT_OPTIMIZATION_LEVEL = "-O";
				VALIDATE_PRODUCT = YES;
			};
			name = Release;
		};
		D03E9A0529A6523400AB220A /* Debug */ = {
			isa = XCBuildConfiguration;
			buildSettings = {
				ASSETCATALOG_COMPILER_APPICON_NAME = AppIcon;
				ASSETCATALOG_COMPILER_GLOBAL_ACCENT_COLOR_NAME = AccentColor;
				CODE_SIGN_STYLE = Automatic;
				CURRENT_PROJECT_VERSION = 1;
				DEVELOPMENT_TEAM = 22W63VGZT5;
				ENABLE_PREVIEWS = YES;
				GENERATE_INFOPLIST_FILE = YES;
				INFOPLIST_KEY_NSCameraUsageDescription = "We'd like to use your camera to count your squats";
				INFOPLIST_KEY_UIApplicationSceneManifest_Generation = YES;
				INFOPLIST_KEY_UIApplicationSupportsIndirectInputEvents = YES;
				INFOPLIST_KEY_UILaunchScreen_Generation = YES;
				INFOPLIST_KEY_UISupportedInterfaceOrientations_iPad = "UIInterfaceOrientationPortrait UIInterfaceOrientationPortraitUpsideDown UIInterfaceOrientationLandscapeLeft UIInterfaceOrientationLandscapeRight";
				INFOPLIST_KEY_UISupportedInterfaceOrientations_iPhone = "UIInterfaceOrientationPortrait UIInterfaceOrientationLandscapeLeft UIInterfaceOrientationLandscapeRight";
				LD_RUNPATH_SEARCH_PATHS = (
					"$(inherited)",
					"@executable_path/Frameworks",
				);
				MARKETING_VERSION = 1.0;
				PRODUCT_BUNDLE_IDENTIFIER = ai.quickpose.demo2;
				PRODUCT_NAME = "$(TARGET_NAME)";
				SWIFT_EMIT_LOC_STRINGS = YES;
				SWIFT_VERSION = 5.0;
				TARGETED_DEVICE_FAMILY = "1,2";
			};
			name = Debug;
		};
		D03E9A0629A6523400AB220A /* Release */ = {
			isa = XCBuildConfiguration;
			buildSettings = {
				ASSETCATALOG_COMPILER_APPICON_NAME = AppIcon;
				ASSETCATALOG_COMPILER_GLOBAL_ACCENT_COLOR_NAME = AccentColor;
				CODE_SIGN_STYLE = Automatic;
				CURRENT_PROJECT_VERSION = 1;
				DEVELOPMENT_TEAM = 22W63VGZT5;
				ENABLE_PREVIEWS = YES;
				GENERATE_INFOPLIST_FILE = YES;
				INFOPLIST_KEY_NSCameraUsageDescription = "We'd like to use your camera to count your squats";
				INFOPLIST_KEY_UIApplicationSceneManifest_Generation = YES;
				INFOPLIST_KEY_UIApplicationSupportsIndirectInputEvents = YES;
				INFOPLIST_KEY_UILaunchScreen_Generation = YES;
				INFOPLIST_KEY_UISupportedInterfaceOrientations_iPad = "UIInterfaceOrientationPortrait UIInterfaceOrientationPortraitUpsideDown UIInterfaceOrientationLandscapeLeft UIInterfaceOrientationLandscapeRight";
				INFOPLIST_KEY_UISupportedInterfaceOrientations_iPhone = "UIInterfaceOrientationPortrait UIInterfaceOrientationLandscapeLeft UIInterfaceOrientationLandscapeRight";
				LD_RUNPATH_SEARCH_PATHS = (
					"$(inherited)",
					"@executable_path/Frameworks",
				);
				MARKETING_VERSION = 1.0;
				PRODUCT_BUNDLE_IDENTIFIER = ai.quickpose.demo2;
				PRODUCT_NAME = "$(TARGET_NAME)";
				SWIFT_EMIT_LOC_STRINGS = YES;
				SWIFT_VERSION = 5.0;
				TARGETED_DEVICE_FAMILY = "1,2";
			};
			name = Release;
		};
/* End XCBuildConfiguration section */

/* Begin XCConfigurationList section */
		D03E99F129A6523300AB220A /* Build configuration list for PBXProject "SquatCounter" */ = {
			isa = XCConfigurationList;
			buildConfigurations = (
				D03E9A0229A6523400AB220A /* Debug */,
				D03E9A0329A6523400AB220A /* Release */,
			);
			defaultConfigurationIsVisible = 0;
			defaultConfigurationName = Release;
		};
		D03E9A0429A6523400AB220A /* Build configuration list for PBXNativeTarget "SquatCounter" */ = {
			isa = XCConfigurationList;
			buildConfigurations = (
				D03E9A0529A6523400AB220A /* Debug */,
				D03E9A0629A6523400AB220A /* Release */,
			);
			defaultConfigurationIsVisible = 0;
			defaultConfigurationName = Release;
		};
/* End XCConfigurationList section */

/* Begin XCRemoteSwiftPackageReference section */
		D0FAC5A929C224040082D34B /* XCRemoteSwiftPackageReference "quickpose-ios-sdk" */ = {
			isa = XCRemoteSwiftPackageReference;
			repositoryURL = "https://github.com/quickpose/quickpose-ios-sdk";
			requirement = {
				kind = upToNextMajorVersion;
				minimumVersion = 1.0.0;
			};
		};
/* End XCRemoteSwiftPackageReference section */

/* Begin XCSwiftPackageProductDependency section */
		D0A74BBD29AD005300A90CA0 /* QuickPoseCamera */ = {
			isa = XCSwiftPackageProductDependency;
			productName = QuickPoseCamera;
		};
		D0A74BBF29AD005300A90CA0 /* QuickPoseCore */ = {
			isa = XCSwiftPackageProductDependency;
			productName = QuickPoseCore;
		};
		D0A74BC129AD005300A90CA0 /* QuickPoseMP */ = {
			isa = XCSwiftPackageProductDependency;
			productName = QuickPoseMP;
		};
		D0A74BC329AD005300A90CA0 /* QuickPoseSwiftUI */ = {
			isa = XCSwiftPackageProductDependency;
			productName = QuickPoseSwiftUI;
		};
		D0FAC5AA29C224040082D34B /* QuickPoseCamera */ = {
			isa = XCSwiftPackageProductDependency;
			package = D0FAC5A929C224040082D34B /* XCRemoteSwiftPackageReference "quickpose-ios-sdk" */;
			productName = QuickPoseCamera;
		};
		D0FAC5AC29C224040082D34B /* QuickPoseCore */ = {
			isa = XCSwiftPackageProductDependency;
			package = D0FAC5A929C224040082D34B /* XCRemoteSwiftPackageReference "quickpose-ios-sdk" */;
			productName = QuickPoseCore;
		};
		D0FAC5AE29C224040082D34B /* QuickPoseMP */ = {
			isa = XCSwiftPackageProductDependency;
			package = D0FAC5A929C224040082D34B /* XCRemoteSwiftPackageReference "quickpose-ios-sdk" */;
			productName = QuickPoseMP;
		};
		D0FAC5B029C224040082D34B /* QuickPoseSwiftUI */ = {
			isa = XCSwiftPackageProductDependency;
			package = D0FAC5A929C224040082D34B /* XCRemoteSwiftPackageReference "quickpose-ios-sdk" */;
			productName = QuickPoseSwiftUI;
		};
/* End XCSwiftPackageProductDependency section */
	};
	rootObject = D03E99EE29A6523300AB220A /* Project object */;
}
