{
  "pins" : [
    {
      "identity" : "quickpose-ios-sdk",
      "kind" : "remoteSourceControl",
      "location" : "https://github.com/quickpose/quickpose-ios-sdk",
      "state" : {
        "revision" : "a49c1f9e6cbfb3fb6e5bcae07274dab0bd9bd89a",
        "version" : "1.2.0"
      }
    }
  ],
  "version" : 2
}
