{
  "pins" : [
    {
      "identity" : "quickpose-ios-sdk",
      "kind" : "remoteSourceControl",
      "location" : "https://github.com/quickpose/quickpose-ios-sdk",
      "state" : {
        "revision" : "34ab8243c02eaf807e521b3b22f37bdbc4861035",
        "version" : "1.0.0"
      }
    }
  ],
  "version" : 2
}
